
Microsoft Visual Studio Solution File, Format Version 12.00
# Visual Studio Version 17
VisualStudioVersion = 17.6.33815.320
MinimumVisualStudioVersion = 10.0.40219.1
Project("{FAE04EC0-301F-11D3-BF4B-00C04F79EFBC}") = "University.API", "University.API\University.API.csproj", "{822CF153-9E9D-4F44-A7FD-AAB837A09DAA}"
EndProject
Project("{FAE04EC0-301F-11D3-BF4B-00C04F79EFBC}") = "University.BL", "University.BL\University.BL.csproj", "{9A8BEBFF-7317-4F4C-84A0-ABD50B763550}"
EndProject
Global
	GlobalSection(SolutionConfigurationPlatforms) = preSolution
		Debug|Any CPU = Debug|Any CPU
		Release|Any CPU = Release|Any CPU
	EndGlobalSection
	GlobalSection(ProjectConfigurationPlatforms) = postSolution
		{822CF153-9E9D-4F44-A7FD-AAB837A09DAA}.Debug|Any CPU.ActiveCfg = Debug|Any CPU
		{822CF153-9E9D-4F44-A7FD-AAB837A09DAA}.Debug|Any CPU.Build.0 = Debug|Any CPU
		{822CF153-9E9D-4F44-A7FD-AAB837A09DAA}.Release|Any CPU.ActiveCfg = Release|Any CPU
		{822CF153-9E9D-4F44-A7FD-AAB837A09DAA}.Release|Any CPU.Build.0 = Release|Any CPU
		{9A8BEBFF-7317-4F4C-84A0-ABD50B763550}.Debug|Any CPU.ActiveCfg = Debug|Any CPU
		{9A8BEBFF-7317-4F4C-84A0-ABD50B763550}.Debug|Any CPU.Build.0 = Debug|Any CPU
		{9A8BEBFF-7317-4F4C-84A0-ABD50B763550}.Release|Any CPU.ActiveCfg = Release|Any CPU
		{9A8BEBFF-7317-4F4C-84A0-ABD50B763550}.Release|Any CPU.Build.0 = Release|Any CPU
	EndGlobalSection
	GlobalSection(SolutionProperties) = preSolution
		HideSolutionNode = FALSE
	EndGlobalSection
	GlobalSection(ExtensibilityGlobals) = postSolution
		SolutionGuid = {FC875D75-A048-498E-93ED-851A5F24F2F7}
	EndGlobalSection
EndGlobal
